
Microsoft Visual Studio Solution File, Format Version 12.00
# Visual Studio Version 16
VisualStudioVersion = 16.0.31624.102
MinimumVisualStudioVersion = 10.0.40219.1
Project("{FAE04EC0-301F-11D3-BF4B-00C04F79EFBC}") = "WikiFormTwo", "WikiFormTwo\WikiFormTwo.csproj", "{DBB3CFA6-E4E1-4C26-94CB-084DC7168F40}"
EndProject
Global
	GlobalSection(SolutionConfigurationPlatforms) = preSolution
		Debug|Any CPU = Debug|Any CPU
		Release|Any CPU = Release|Any CPU
	EndGlobalSection
	GlobalSection(ProjectConfigurationPlatforms) = postSolution
		{DBB3CFA6-E4E1-4C26-94CB-084DC7168F40}.Debug|Any CPU.ActiveCfg = Debug|Any CPU
		{DBB3CFA6-E4E1-4C26-94CB-084DC7168F40}.Debug|Any CPU.Build.0 = Debug|Any CPU
		{DBB3CFA6-E4E1-4C26-94CB-084DC7168F40}.Release|Any CPU.ActiveCfg = Release|Any CPU
		{DBB3CFA6-E4E1-4C26-94CB-084DC7168F40}.Release|Any CPU.Build.0 = Release|Any CPU
	EndGlobalSection
	GlobalSection(SolutionProperties) = preSolution
		HideSolutionNode = FALSE
	EndGlobalSection
	GlobalSection(ExtensibilityGlobals) = postSolution
		SolutionGuid = {4DA386FA-395D-4986-BB87-ADB8F119D1DE}
	EndGlobalSection
EndGlobal
